
Microsoft Visual Studio Solution File, Format Version 12.00
# Visual Studio Version 17
VisualStudioVersion = 17.5.002.0
MinimumVisualStudioVersion = 10.0.40219.1
Project("{9A19103F-16F7-4668-BE54-9A1E7A4F7556}") = "Myfirstapp", "Myfirstapp\Myfirstapp.csproj", "{FEEB2CC5-B63B-4A8F-AC44-A4AA0E167E69}"
EndProject
Global
	GlobalSection(SolutionConfigurationPlatforms) = preSolution
		Debug|Any CPU = Debug|Any CPU
		Release|Any CPU = Release|Any CPU
	EndGlobalSection
	GlobalSection(ProjectConfigurationPlatforms) = postSolution
		{FEEB2CC5-B63B-4A8F-AC44-A4AA0E167E69}.Debug|Any CPU.ActiveCfg = Debug|Any CPU
		{FEEB2CC5-B63B-4A8F-AC44-A4AA0E167E69}.Debug|Any CPU.Build.0 = Debug|Any CPU
		{FEEB2CC5-B63B-4A8F-AC44-A4AA0E167E69}.Release|Any CPU.ActiveCfg = Release|Any CPU
		{FEEB2CC5-B63B-4A8F-AC44-A4AA0E167E69}.Release|Any CPU.Build.0 = Release|Any CPU
	EndGlobalSection
	GlobalSection(SolutionProperties) = preSolution
		HideSolutionNode = FALSE
	EndGlobalSection
	GlobalSection(ExtensibilityGlobals) = postSolution
		SolutionGuid = {6385D7CF-A506-40AA-8397-39285CA731D1}
	EndGlobalSection
EndGlobal
